
Microsoft Visual Studio Solution File, Format Version 12.00
# Visual Studio Version 17
VisualStudioVersion = 17.7.34031.279
MinimumVisualStudioVersion = 10.0.40219.1
Project("{9A19103F-16F7-4668-BE54-9A1E7A4F7556}") = "OptShopAPI", "OptShopAPI\OptShopAPI.csproj", "{F2BD13AA-CC9F-4305-86CD-85AA38750E89}"
EndProject
Global
	GlobalSection(SolutionConfigurationPlatforms) = preSolution
		Debug|Any CPU = Debug|Any CPU
		Debug|x64 = Debug|x64
		Release|Any CPU = Release|Any CPU
		Release|x64 = Release|x64
	EndGlobalSection
	GlobalSection(ProjectConfigurationPlatforms) = postSolution
		{F2BD13AA-CC9F-4305-86CD-85AA38750E89}.Debug|Any CPU.ActiveCfg = Debug|Any CPU
		{F2BD13AA-CC9F-4305-86CD-85AA38750E89}.Debug|Any CPU.Build.0 = Debug|Any CPU
		{F2BD13AA-CC9F-4305-86CD-85AA38750E89}.Debug|x64.ActiveCfg = Debug|x64
		{F2BD13AA-CC9F-4305-86CD-85AA38750E89}.Debug|x64.Build.0 = Debug|x64
		{F2BD13AA-CC9F-4305-86CD-85AA38750E89}.Release|Any CPU.ActiveCfg = Release|Any CPU
		{F2BD13AA-CC9F-4305-86CD-85AA38750E89}.Release|Any CPU.Build.0 = Release|Any CPU
		{F2BD13AA-CC9F-4305-86CD-85AA38750E89}.Release|x64.ActiveCfg = Release|x64
		{F2BD13AA-CC9F-4305-86CD-85AA38750E89}.Release|x64.Build.0 = Release|x64
	EndGlobalSection
	GlobalSection(SolutionProperties) = preSolution
		HideSolutionNode = FALSE
	EndGlobalSection
	GlobalSection(ExtensibilityGlobals) = postSolution
		SolutionGuid = {4866FF7F-17AE-459F-B603-A5B3E0330366}
	EndGlobalSection
EndGlobal
