
Microsoft Visual Studio Solution File, Format Version 12.00
# Visual Studio Version 17
VisualStudioVersion = 17.7.34031.279
MinimumVisualStudioVersion = 10.0.40219.1
Project("{9A19103F-16F7-4668-BE54-9A1E7A4F7556}") = "OptShopAPI", "OptShopAPI\OptShopAPI.csproj", "{F2BD13AA-CC9F-4305-86CD-85AA38750E89}"
EndProject
Project("{FAE04EC0-301F-11D3-BF4B-00C04F79EFBC}") = "ManageShopBot", "ManageShopBot\ManageShopBot.csproj", "{70A48C5A-DBA0-440F-908A-6BE9713E3538}"
EndProject
Project("{FAE04EC0-301F-11D3-BF4B-00C04F79EFBC}") = "ShopManagement", "ShopManagement\ShopManagement.csproj", "{8DD58B9B-2C41-41B7-A1D6-A6F06418E6A0}"
EndProject
Global
	GlobalSection(SolutionConfigurationPlatforms) = preSolution
		Debug|Any CPU = Debug|Any CPU
		Release|Any CPU = Release|Any CPU
	EndGlobalSection
	GlobalSection(ProjectConfigurationPlatforms) = postSolution
		{F2BD13AA-CC9F-4305-86CD-85AA38750E89}.Debug|Any CPU.ActiveCfg = Debug|Any CPU
		{F2BD13AA-CC9F-4305-86CD-85AA38750E89}.Debug|Any CPU.Build.0 = Debug|Any CPU
		{F2BD13AA-CC9F-4305-86CD-85AA38750E89}.Release|Any CPU.ActiveCfg = Release|Any CPU
		{F2BD13AA-CC9F-4305-86CD-85AA38750E89}.Release|Any CPU.Build.0 = Release|Any CPU
		{70A48C5A-DBA0-440F-908A-6BE9713E3538}.Debug|Any CPU.ActiveCfg = Debug|Any CPU
		{70A48C5A-DBA0-440F-908A-6BE9713E3538}.Debug|Any CPU.Build.0 = Debug|Any CPU
		{70A48C5A-DBA0-440F-908A-6BE9713E3538}.Release|Any CPU.ActiveCfg = Release|Any CPU
		{70A48C5A-DBA0-440F-908A-6BE9713E3538}.Release|Any CPU.Build.0 = Release|Any CPU
		{8DD58B9B-2C41-41B7-A1D6-A6F06418E6A0}.Debug|Any CPU.ActiveCfg = Debug|Any CPU
		{8DD58B9B-2C41-41B7-A1D6-A6F06418E6A0}.Debug|Any CPU.Build.0 = Debug|Any CPU
		{8DD58B9B-2C41-41B7-A1D6-A6F06418E6A0}.Release|Any CPU.ActiveCfg = Release|Any CPU
		{8DD58B9B-2C41-41B7-A1D6-A6F06418E6A0}.Release|Any CPU.Build.0 = Release|Any CPU
	EndGlobalSection
	GlobalSection(SolutionProperties) = preSolution
		HideSolutionNode = FALSE
	EndGlobalSection
	GlobalSection(ExtensibilityGlobals) = postSolution
		SolutionGuid = {4866FF7F-17AE-459F-B603-A5B3E0330366}
	EndGlobalSection
EndGlobal
